
Microsoft Visual Studio Solution File, Format Version 12.00
# Visual Studio Version 16
VisualStudioVersion = 16.0.29728.190
MinimumVisualStudioVersion = 10.0.40219.1
Project("{9A19103F-16F7-4668-BE54-9A1E7A4F7556}") = "HealthUp", "HealthUp\HealthUp.csproj", "{9FCCAA48-A875-441A-ADE2-553A3FA872D2}"
EndProject
Project("{9A19103F-16F7-4668-BE54-9A1E7A4F7556}") = "HealthUp.Web", "HealthUp.Web\HealthUp.Web.csproj", "{74BAA1A6-F359-43DE-811B-DAB16EEF182A}"
EndProject
Project("{9A19103F-16F7-4668-BE54-9A1E7A4F7556}") = "HealthUp.Data.Sql", "HealthUp.Data.Sql\HealthUp.Data.Sql.csproj", "{517F32CE-66EB-4B41-A4A4-59F4F8498332}"
EndProject
Global
	GlobalSection(SolutionConfigurationPlatforms) = preSolution
		Debug|Any CPU = Debug|Any CPU
		Release|Any CPU = Release|Any CPU
	EndGlobalSection
	GlobalSection(ProjectConfigurationPlatforms) = postSolution
		{9FCCAA48-A875-441A-ADE2-553A3FA872D2}.Debug|Any CPU.ActiveCfg = Debug|Any CPU
		{9FCCAA48-A875-441A-ADE2-553A3FA872D2}.Debug|Any CPU.Build.0 = Debug|Any CPU
		{9FCCAA48-A875-441A-ADE2-553A3FA872D2}.Release|Any CPU.ActiveCfg = Release|Any CPU
		{9FCCAA48-A875-441A-ADE2-553A3FA872D2}.Release|Any CPU.Build.0 = Release|Any CPU
		{74BAA1A6-F359-43DE-811B-DAB16EEF182A}.Debug|Any CPU.ActiveCfg = Debug|Any CPU
		{74BAA1A6-F359-43DE-811B-DAB16EEF182A}.Debug|Any CPU.Build.0 = Debug|Any CPU
		{74BAA1A6-F359-43DE-811B-DAB16EEF182A}.Release|Any CPU.ActiveCfg = Release|Any CPU
		{74BAA1A6-F359-43DE-811B-DAB16EEF182A}.Release|Any CPU.Build.0 = Release|Any CPU
		{517F32CE-66EB-4B41-A4A4-59F4F8498332}.Debug|Any CPU.ActiveCfg = Debug|Any CPU
		{517F32CE-66EB-4B41-A4A4-59F4F8498332}.Debug|Any CPU.Build.0 = Debug|Any CPU
		{517F32CE-66EB-4B41-A4A4-59F4F8498332}.Release|Any CPU.ActiveCfg = Release|Any CPU
		{517F32CE-66EB-4B41-A4A4-59F4F8498332}.Release|Any CPU.Build.0 = Release|Any CPU
	EndGlobalSection
	GlobalSection(SolutionProperties) = preSolution
		HideSolutionNode = FALSE
	EndGlobalSection
	GlobalSection(ExtensibilityGlobals) = postSolution
		SolutionGuid = {7067147C-C313-4F13-990D-BB68C6F728AF}
	EndGlobalSection
EndGlobal
